<?xml version="1.0" encoding="utf-8"?>
<Project ToolsVersion="4.0" xmlns="http://schemas.microsoft.com/developer/msbuild/2003">
  <ItemGroup>
    <Filter Include="source">
      <UniqueIdentifier>{4FC737F1-C7A5-4376-A066-2A32D752A2FF}</UniqueIdentifier>
      <Extensions>cpp;c;cc;cxx;c++;cppm;ixx;def;odl;idl;hpj;bat;asm;asmx;h;hh;hpp;hxx;h++;hm;inl;inc;ipp;xsd</Extensions>
    </Filter>
    <Filter Include="source\render">
      <UniqueIdentifier>{5d9c3ed2-131b-497e-bb8d-185f6a073187}</UniqueIdentifier>
    </Filter>
    <Filter Include="source\render\opengl">
      <UniqueIdentifier>{aa0e3a17-85b5-4083-b181-95181c0b0cae}</UniqueIdentifier>
    </Filter>
    <Filter Include="source\render\opengl\glad">
      <UniqueIdentifier>{8cfc19a6-5f87-4382-bae8-8920b6ac5b3f}</UniqueIdentifier>
    </Filter>
    <Filter Include="source\core">
      <UniqueIdentifier>{e4cc76cf-b1fd-4f6a-8e2b-ea1ecd2e40ef}</UniqueIdentifier>
    </Filter>
    <Filter Include="source\platform">
      <UniqueIdentifier>{38b4df51-2795-407a-af55-c8de596c6b86}</UniqueIdentifier>
    </Filter>
    <Filter Include="source\imgui">
      <UniqueIdentifier>{e4f78dcc-2199-4d62-85a8-b56cf75f8dc6}</UniqueIdentifier>
    </Filter>
    <Filter Include="source\events">
      <UniqueIdentifier>{b874ac2f-8972-4a57-a98c-29899208966e}</UniqueIdentifier>
    </Filter>
    <Filter Include="source\input">
      <UniqueIdentifier>{cabd3d19-2dda-4598-a7f4-a62a078aa3ed}</UniqueIdentifier>
    </Filter>
    <Filter Include="source\render\vulkan">
      <UniqueIdentifier>{0b35dcb2-34fe-4541-851e-3e16a438db01}</UniqueIdentifier>
    </Filter>
  </ItemGroup>
  <ItemGroup>
    <ClCompile Include="..\..\source\gspch.cpp">
      <Filter>source</Filter>
    </ClCompile>
    <ClCompile Include="..\..\source\gamesmith\core\debug.cpp">
      <Filter>source\core</Filter>
    </ClCompile>
    <ClCompile Include="..\..\source\gamesmith\renderer\opengl\glad\glad.c">
      <Filter>source\render\opengl\glad</Filter>
    </ClCompile>
    <ClCompile Include="..\..\source\gamesmith\core\log.cpp">
      <Filter>source\core</Filter>
    </ClCompile>
    <ClCompile Include="..\..\source\gamesmith\renderer\opengl\renderer_gl.cpp">
      <Filter>source\render\opengl</Filter>
    </ClCompile>
    <ClCompile Include="..\..\source\gamesmith\imgui\imgui.cpp">
      <Filter>source\imgui</Filter>
    </ClCompile>
    <ClCompile Include="..\..\source\platform\windows\window_win.cpp">
      <Filter>source\platform</Filter>
    </ClCompile>
    <ClCompile Include="..\..\source\platform\windows\winmain.cpp">
      <Filter>source\platform</Filter>
    </ClCompile>
    <ClCompile Include="..\..\source\platform\vulkan\shader_module.cpp">
      <Filter>source\render\vulkan</Filter>
    </ClCompile>
    <ClCompile Include="..\..\source\gamesmith\renderer\obj_loader.cpp">
      <Filter>source\render</Filter>
    </ClCompile>
    <ClCompile Include="..\..\source\platform\vulkan\device.cpp">
      <Filter>source\render\vulkan</Filter>
    </ClCompile>
  </ItemGroup>
  <ItemGroup>
    <ClInclude Include="..\..\source\gamesmith.h">
      <Filter>source</Filter>
    </ClInclude>
    <ClInclude Include="..\..\source\gspch.h">
      <Filter>source</Filter>
    </ClInclude>
    <ClInclude Include="..\..\source\gamesmith\core\config.h">
      <Filter>source\core</Filter>
    </ClInclude>
    <ClInclude Include="..\..\source\gamesmith\core\core.h">
      <Filter>source\core</Filter>
    </ClInclude>
    <ClInclude Include="..\..\source\gamesmith\core\debug.h">
      <Filter>source\core</Filter>
    </ClInclude>
    <ClInclude Include="..\..\source\gamesmith\renderer\opengl\glad\glad.h">
      <Filter>source\render\opengl\glad</Filter>
    </ClInclude>
    <ClInclude Include="..\..\source\gamesmith\renderer\opengl\glad\khrplatform.h">
      <Filter>source\render\opengl\glad</Filter>
    </ClInclude>
    <ClInclude Include="..\..\source\gamesmith\core\log.h">
      <Filter>source\core</Filter>
    </ClInclude>
    <ClInclude Include="..\..\source\gamesmith\renderer\opengl\wglext.h">
      <Filter>source\render\opengl</Filter>
    </ClInclude>
    <ClInclude Include="..\..\source\gamesmith\renderer\opengl\renderer_gl.h">
      <Filter>source\render\opengl</Filter>
    </ClInclude>
    <ClInclude Include="..\..\source\gamesmith\events\event_queue.h">
      <Filter>source\events</Filter>
    </ClInclude>
    <ClInclude Include="..\..\source\gamesmith\events\event.h">
      <Filter>source\events</Filter>
    </ClInclude>
    <ClInclude Include="..\..\source\gamesmith\input\keyboard.h">
      <Filter>source\input</Filter>
    </ClInclude>
    <ClInclude Include="..\..\source\platform\windows\window_win.h">
      <Filter>source\platform</Filter>
    </ClInclude>
    <ClInclude Include="..\..\source\platform\vulkan\renderer_vk.h">
      <Filter>source\render\vulkan</Filter>
    </ClInclude>
    <ClInclude Include="..\..\source\platform\vulkan\shader_module.h">
      <Filter>source\render\vulkan</Filter>
    </ClInclude>
    <ClInclude Include="..\..\source\gamesmith\core\window.h">
      <Filter>source\core</Filter>
    </ClInclude>
    <ClInclude Include="..\..\source\gamesmith\renderer\obj_loader.h">
      <Filter>source\render</Filter>
    </ClInclude>
    <ClInclude Include="..\..\source\platform\vulkan\device.h">
      <Filter>source\render\vulkan</Filter>
    </ClInclude>
    <ClInclude Include="..\..\source\platform\vulkan\gsvulkan.h">
      <Filter>source\render\vulkan</Filter>
    </ClInclude>
  </ItemGroup>
  <ItemGroup>
    <CustomBuild Include="..\..\source\platform\vulkan\shaders\triangle.vert.glsl" />
    <CustomBuild Include="..\..\source\platform\vulkan\shaders\triangle.frag.glsl" />
  </ItemGroup>
</Project>